// !$*UTF8*$!
{
	archiveVersion = 1;
	classes = {
	};
	objectVersion = 50;
	objects = {

/* Begin PBXBuildFile section */
		31C15B45219A0D0200443940 /* APIRequest.swift in Sources */ = {isa = PBXBuildFile; fileRef = 31C15B44219A0D0200443940 /* APIRequest.swift */; };
		31C15B47219A0D1900443940 /* APIResponse.swift in Sources */ = {isa = PBXBuildFile; fileRef = 31C15B46219A0D1900443940 /* APIResponse.swift */; };
		31C15B49219A0D3B00443940 /* ClientAPI.swift in Sources */ = {isa = PBXBuildFile; fileRef = 31C15B48219A0D3B00443940 /* ClientAPI.swift */; };
		31C15B4B219A0D5300443940 /* APIError.swift in Sources */ = {isa = PBXBuildFile; fileRef = 31C15B4A219A0D5300443940 /* APIError.swift */; };
		31C15B4D219A23DC00443940 /* Result.swift in Sources */ = {isa = PBXBuildFile; fileRef = 31C15B4C219A23DC00443940 /* Result.swift */; };
		31EA47B1219A039C00FD8A31 /* AppDelegate.swift in Sources */ = {isa = PBXBuildFile; fileRef = 31EA47B0219A039C00FD8A31 /* AppDelegate.swift */; };
		31EA47B6219A039C00FD8A31 /* Main.storyboard in Resources */ = {isa = PBXBuildFile; fileRef = 31EA47B4219A039C00FD8A31 /* Main.storyboard */; };
		31EA47B8219A039E00FD8A31 /* Assets.xcassets in Resources */ = {isa = PBXBuildFile; fileRef = 31EA47B7219A039E00FD8A31 /* Assets.xcassets */; };
		31EA47BB219A039E00FD8A31 /* LaunchScreen.storyboard in Resources */ = {isa = PBXBuildFile; fileRef = 31EA47B9219A039E00FD8A31 /* LaunchScreen.storyboard */; };
		31EA47C6219A039F00FD8A31 /* EventsAppTests.swift in Sources */ = {isa = PBXBuildFile; fileRef = 31EA47C5219A039F00FD8A31 /* EventsAppTests.swift */; };
		31EA47D6219A06E400FD8A31 /* EventsViewController.swift in Sources */ = {isa = PBXBuildFile; fileRef = 31EA47D5219A06E300FD8A31 /* EventsViewController.swift */; };
		31EA47D8219A06EF00FD8A31 /* EventDetailsViewController.swift in Sources */ = {isa = PBXBuildFile; fileRef = 31EA47D7219A06EF00FD8A31 /* EventDetailsViewController.swift */; };
		31EA47DA219A074D00FD8A31 /* EventsListViewModel.swift in Sources */ = {isa = PBXBuildFile; fileRef = 31EA47D9219A074D00FD8A31 /* EventsListViewModel.swift */; };
		31EA47DC219A075F00FD8A31 /* EventDetailsViewModel.swift in Sources */ = {isa = PBXBuildFile; fileRef = 31EA47DB219A075F00FD8A31 /* EventDetailsViewModel.swift */; };
		31EA47E1219A08DB00FD8A31 /* EventsDataSource.swift in Sources */ = {isa = PBXBuildFile; fileRef = 31EA47E0219A08DB00FD8A31 /* EventsDataSource.swift */; };
		31EA47E3219A090900FD8A31 /* Event.swift in Sources */ = {isa = PBXBuildFile; fileRef = 31EA47E2219A090900FD8A31 /* Event.swift */; };
/* End PBXBuildFile section */

/* Begin PBXContainerItemProxy section */
		31EA47C2219A039F00FD8A31 /* PBXContainerItemProxy */ = {
			isa = PBXContainerItemProxy;
			containerPortal = 31EA47A5219A039C00FD8A31 /* Project object */;
			proxyType = 1;
			remoteGlobalIDString = 31EA47AC219A039C00FD8A31;
			remoteInfo = EventsApp;
		};
/* End PBXContainerItemProxy section */

/* Begin PBXFileReference section */
		31C15B44219A0D0200443940 /* APIRequest.swift */ = {isa = PBXFileReference; lastKnownFileType = sourcecode.swift; path = APIRequest.swift; sourceTree = "<group>"; };
		31C15B46219A0D1900443940 /* APIResponse.swift */ = {isa = PBXFileReference; lastKnownFileType = sourcecode.swift; path = APIResponse.swift; sourceTree = "<group>"; };
		31C15B48219A0D3B00443940 /* ClientAPI.swift */ = {isa = PBXFileReference; lastKnownFileType = sourcecode.swift; path = ClientAPI.swift; sourceTree = "<group>"; };
		31C15B4A219A0D5300443940 /* APIError.swift */ = {isa = PBXFileReference; lastKnownFileType = sourcecode.swift; path = APIError.swift; sourceTree = "<group>"; };
		31C15B4C219A23DC00443940 /* Result.swift */ = {isa = PBXFileReference; lastKnownFileType = sourcecode.swift; path = Result.swift; sourceTree = "<group>"; };
		31EA47AD219A039C00FD8A31 /* EventsApp.app */ = {isa = PBXFileReference; explicitFileType = wrapper.application; includeInIndex = 0; path = EventsApp.app; sourceTree = BUILT_PRODUCTS_DIR; };
		31EA47B0219A039C00FD8A31 /* AppDelegate.swift */ = {isa = PBXFileReference; lastKnownFileType = sourcecode.swift; path = AppDelegate.swift; sourceTree = "<group>"; };
		31EA47B5219A039C00FD8A31 /* Base */ = {isa = PBXFileReference; lastKnownFileType = file.storyboard; name = Base; path = Base.lproj/Main.storyboard; sourceTree = "<group>"; };
		31EA47B7219A039E00FD8A31 /* Assets.xcassets */ = {isa = PBXFileReference; lastKnownFileType = folder.assetcatalog; path = Assets.xcassets; sourceTree = "<group>"; };
		31EA47BA219A039E00FD8A31 /* Base */ = {isa = PBXFileReference; lastKnownFileType = file.storyboard; name = Base; path = Base.lproj/LaunchScreen.storyboard; sourceTree = "<group>"; };
		31EA47BC219A039E00FD8A31 /* Info.plist */ = {isa = PBXFileReference; lastKnownFileType = text.plist.xml; path = Info.plist; sourceTree = "<group>"; };
		31EA47C1219A039F00FD8A31 /* EventsAppTests.xctest */ = {isa = PBXFileReference; explicitFileType = wrapper.cfbundle; includeInIndex = 0; path = EventsAppTests.xctest; sourceTree = BUILT_PRODUCTS_DIR; };
		31EA47C5219A039F00FD8A31 /* EventsAppTests.swift */ = {isa = PBXFileReference; lastKnownFileType = sourcecode.swift; path = EventsAppTests.swift; sourceTree = "<group>"; };
		31EA47C7219A039F00FD8A31 /* Info.plist */ = {isa = PBXFileReference; lastKnownFileType = text.plist.xml; path = Info.plist; sourceTree = "<group>"; };
		31EA47D5219A06E300FD8A31 /* EventsViewController.swift */ = {isa = PBXFileReference; lastKnownFileType = sourcecode.swift; path = EventsViewController.swift; sourceTree = "<group>"; };
		31EA47D7219A06EF00FD8A31 /* EventDetailsViewController.swift */ = {isa = PBXFileReference; lastKnownFileType = sourcecode.swift; path = EventDetailsViewController.swift; sourceTree = "<group>"; };
		31EA47D9219A074D00FD8A31 /* EventsListViewModel.swift */ = {isa = PBXFileReference; lastKnownFileType = sourcecode.swift; path = EventsListViewModel.swift; sourceTree = "<group>"; };
		31EA47DB219A075F00FD8A31 /* EventDetailsViewModel.swift */ = {isa = PBXFileReference; lastKnownFileType = sourcecode.swift; path = EventDetailsViewModel.swift; sourceTree = "<group>"; };
		31EA47E0219A08DB00FD8A31 /* EventsDataSource.swift */ = {isa = PBXFileReference; lastKnownFileType = sourcecode.swift; path = EventsDataSource.swift; sourceTree = "<group>"; };
		31EA47E2219A090900FD8A31 /* Event.swift */ = {isa = PBXFileReference; lastKnownFileType = sourcecode.swift; path = Event.swift; sourceTree = "<group>"; };
/* End PBXFileReference section */

/* Begin PBXFrameworksBuildPhase section */
		31EA47AA219A039C00FD8A31 /* Frameworks */ = {
			isa = PBXFrameworksBuildPhase;
			buildActionMask = 2147483647;
			files = (
			);
			runOnlyForDeploymentPostprocessing = 0;
		};
		31EA47BE219A039F00FD8A31 /* Frameworks */ = {
			isa = PBXFrameworksBuildPhase;
			buildActionMask = 2147483647;
			files = (
			);
			runOnlyForDeploymentPostprocessing = 0;
		};
/* End PBXFrameworksBuildPhase section */

/* Begin PBXGroup section */
		31EA47A4219A039C00FD8A31 = {
			isa = PBXGroup;
			children = (
				31EA47AF219A039C00FD8A31 /* EventsApp */,
				31EA47C4219A039F00FD8A31 /* EventsAppTests */,
				31EA47AE219A039C00FD8A31 /* Products */,
			);
			sourceTree = "<group>";
		};
		31EA47AE219A039C00FD8A31 /* Products */ = {
			isa = PBXGroup;
			children = (
				31EA47AD219A039C00FD8A31 /* EventsApp.app */,
				31EA47C1219A039F00FD8A31 /* EventsAppTests.xctest */,
			);
			name = Products;
			sourceTree = "<group>";
		};
		31EA47AF219A039C00FD8A31 /* EventsApp */ = {
			isa = PBXGroup;
			children = (
				31EA47D3219A063500FD8A31 /* SupportFiles */,
				31EA47D2219A063200FD8A31 /* Model */,
				31EA47D1219A063000FD8A31 /* ViewModel */,
				31EA47D0219A062C00FD8A31 /* View */,
				31EA47B0219A039C00FD8A31 /* AppDelegate.swift */,
				31EA47B4219A039C00FD8A31 /* Main.storyboard */,
				31EA47B7219A039E00FD8A31 /* Assets.xcassets */,
				31EA47B9219A039E00FD8A31 /* LaunchScreen.storyboard */,
				31EA47BC219A039E00FD8A31 /* Info.plist */,
			);
			path = EventsApp;
			sourceTree = "<group>";
		};
		31EA47C4219A039F00FD8A31 /* EventsAppTests */ = {
			isa = PBXGroup;
			children = (
				31EA47C5219A039F00FD8A31 /* EventsAppTests.swift */,
				31EA47C7219A039F00FD8A31 /* Info.plist */,
			);
			path = EventsAppTests;
			sourceTree = "<group>";
		};
		31EA47D0219A062C00FD8A31 /* View */ = {
			isa = PBXGroup;
			children = (
				31EA47D5219A06E300FD8A31 /* EventsViewController.swift */,
				31EA47D7219A06EF00FD8A31 /* EventDetailsViewController.swift */,
			);
			path = View;
			sourceTree = "<group>";
		};
		31EA47D1219A063000FD8A31 /* ViewModel */ = {
			isa = PBXGroup;
			children = (
				31EA47D9219A074D00FD8A31 /* EventsListViewModel.swift */,
				31EA47DB219A075F00FD8A31 /* EventDetailsViewModel.swift */,
			);
			path = ViewModel;
			sourceTree = "<group>";
		};
		31EA47D2219A063200FD8A31 /* Model */ = {
			isa = PBXGroup;
			children = (
				31EA47D4219A064E00FD8A31 /* Auxiliar */,
				31EA47DF219A085600FD8A31 /* Source */,
				31EA47DE219A085100FD8A31 /* Entity */,
				31EA47DD219A083900FD8A31 /* Service */,
			);
			path = Model;
			sourceTree = "<group>";
		};
		31EA47D3219A063500FD8A31 /* SupportFiles */ = {
			isa = PBXGroup;
			children = (
			);
			path = SupportFiles;
			sourceTree = "<group>";
		};
		31EA47D4219A064E00FD8A31 /* Auxiliar */ = {
			isa = PBXGroup;
			children = (
			);
			path = Auxiliar;
			sourceTree = "<group>";
		};
		31EA47DD219A083900FD8A31 /* Service */ = {
			isa = PBXGroup;
			children = (
				31C15B44219A0D0200443940 /* APIRequest.swift */,
				31C15B46219A0D1900443940 /* APIResponse.swift */,
				31C15B48219A0D3B00443940 /* ClientAPI.swift */,
				31C15B4A219A0D5300443940 /* APIError.swift */,
				31C15B4C219A23DC00443940 /* Result.swift */,
			);
			path = Service;
			sourceTree = "<group>";
		};
		31EA47DE219A085100FD8A31 /* Entity */ = {
			isa = PBXGroup;
			children = (
				31EA47E2219A090900FD8A31 /* Event.swift */,
			);
			path = Entity;
			sourceTree = "<group>";
		};
		31EA47DF219A085600FD8A31 /* Source */ = {
			isa = PBXGroup;
			children = (
				31EA47E0219A08DB00FD8A31 /* EventsDataSource.swift */,
			);
			path = Source;
			sourceTree = "<group>";
		};
/* End PBXGroup section */

/* Begin PBXNativeTarget section */
		31EA47AC219A039C00FD8A31 /* EventsApp */ = {
			isa = PBXNativeTarget;
			buildConfigurationList = 31EA47CA219A039F00FD8A31 /* Build configuration list for PBXNativeTarget "EventsApp" */;
			buildPhases = (
				31EA47A9219A039C00FD8A31 /* Sources */,
				31EA47AA219A039C00FD8A31 /* Frameworks */,
				31EA47AB219A039C00FD8A31 /* Resources */,
			);
			buildRules = (
			);
			dependencies = (
			);
			name = EventsApp;
			productName = EventsApp;
			productReference = 31EA47AD219A039C00FD8A31 /* EventsApp.app */;
			productType = "com.apple.product-type.application";
		};
		31EA47C0219A039F00FD8A31 /* EventsAppTests */ = {
			isa = PBXNativeTarget;
			buildConfigurationList = 31EA47CD219A039F00FD8A31 /* Build configuration list for PBXNativeTarget "EventsAppTests" */;
			buildPhases = (
				31EA47BD219A039F00FD8A31 /* Sources */,
				31EA47BE219A039F00FD8A31 /* Frameworks */,
				31EA47BF219A039F00FD8A31 /* Resources */,
			);
			buildRules = (
			);
			dependencies = (
				31EA47C3219A039F00FD8A31 /* PBXTargetDependency */,
			);
			name = EventsAppTests;
			productName = EventsAppTests;
			productReference = 31EA47C1219A039F00FD8A31 /* EventsAppTests.xctest */;
			productType = "com.apple.product-type.bundle.unit-test";
		};
/* End PBXNativeTarget section */

/* Begin PBXProject section */
		31EA47A5219A039C00FD8A31 /* Project object */ = {
			isa = PBXProject;
			attributes = {
				LastSwiftUpdateCheck = 1000;
				LastUpgradeCheck = 1000;
				ORGANIZATIONNAME = "Gabriel Conte";
				TargetAttributes = {
					31EA47AC219A039C00FD8A31 = {
						CreatedOnToolsVersion = 10.0;
					};
					31EA47C0219A039F00FD8A31 = {
						CreatedOnToolsVersion = 10.0;
						TestTargetID = 31EA47AC219A039C00FD8A31;
					};
				};
			};
			buildConfigurationList = 31EA47A8219A039C00FD8A31 /* Build configuration list for PBXProject "EventsApp" */;
			compatibilityVersion = "Xcode 9.3";
			developmentRegion = en;
			hasScannedForEncodings = 0;
			knownRegions = (
				en,
				Base,
			);
			mainGroup = 31EA47A4219A039C00FD8A31;
			productRefGroup = 31EA47AE219A039C00FD8A31 /* Products */;
			projectDirPath = "";
			projectRoot = "";
			targets = (
				31EA47AC219A039C00FD8A31 /* EventsApp */,
				31EA47C0219A039F00FD8A31 /* EventsAppTests */,
			);
		};
/* End PBXProject section */

/* Begin PBXResourcesBuildPhase section */
		31EA47AB219A039C00FD8A31 /* Resources */ = {
			isa = PBXResourcesBuildPhase;
			buildActionMask = 2147483647;
			files = (
				31EA47BB219A039E00FD8A31 /* LaunchScreen.storyboard in Resources */,
				31EA47B8219A039E00FD8A31 /* Assets.xcassets in Resources */,
				31EA47B6219A039C00FD8A31 /* Main.storyboard in Resources */,
			);
			runOnlyForDeploymentPostprocessing = 0;
		};
		31EA47BF219A039F00FD8A31 /* Resources */ = {
			isa = PBXResourcesBuildPhase;
			buildActionMask = 2147483647;
			files = (
			);
			runOnlyForDeploymentPostprocessing = 0;
		};
/* End PBXResourcesBuildPhase section */

/* Begin PBXSourcesBuildPhase section */
		31EA47A9219A039C00FD8A31 /* Sources */ = {
			isa = PBXSourcesBuildPhase;
			buildActionMask = 2147483647;
			files = (
				31EA47D8219A06EF00FD8A31 /* EventDetailsViewController.swift in Sources */,
				31EA47DA219A074D00FD8A31 /* EventsListViewModel.swift in Sources */,
				31EA47B1219A039C00FD8A31 /* AppDelegate.swift in Sources */,
				31C15B49219A0D3B00443940 /* ClientAPI.swift in Sources */,
				31EA47D6219A06E400FD8A31 /* EventsViewController.swift in Sources */,
				31EA47DC219A075F00FD8A31 /* EventDetailsViewModel.swift in Sources */,
				31C15B4D219A23DC00443940 /* Result.swift in Sources */,
				31EA47E3219A090900FD8A31 /* Event.swift in Sources */,
				31C15B45219A0D0200443940 /* APIRequest.swift in Sources */,
				31EA47E1219A08DB00FD8A31 /* EventsDataSource.swift in Sources */,
				31C15B47219A0D1900443940 /* APIResponse.swift in Sources */,
				31C15B4B219A0D5300443940 /* APIError.swift in Sources */,
			);
			runOnlyForDeploymentPostprocessing = 0;
		};
		31EA47BD219A039F00FD8A31 /* Sources */ = {
			isa = PBXSourcesBuildPhase;
			buildActionMask = 2147483647;
			files = (
				31EA47C6219A039F00FD8A31 /* EventsAppTests.swift in Sources */,
			);
			runOnlyForDeploymentPostprocessing = 0;
		};
/* End PBXSourcesBuildPhase section */

/* Begin PBXTargetDependency section */
		31EA47C3219A039F00FD8A31 /* PBXTargetDependency */ = {
			isa = PBXTargetDependency;
			target = 31EA47AC219A039C00FD8A31 /* EventsApp */;
			targetProxy = 31EA47C2219A039F00FD8A31 /* PBXContainerItemProxy */;
		};
/* End PBXTargetDependency section */

/* Begin PBXVariantGroup section */
		31EA47B4219A039C00FD8A31 /* Main.storyboard */ = {
			isa = PBXVariantGroup;
			children = (
				31EA47B5219A039C00FD8A31 /* Base */,
			);
			name = Main.storyboard;
			sourceTree = "<group>";
		};
		31EA47B9219A039E00FD8A31 /* LaunchScreen.storyboard */ = {
			isa = PBXVariantGroup;
			children = (
				31EA47BA219A039E00FD8A31 /* Base */,
			);
			name = LaunchScreen.storyboard;
			sourceTree = "<group>";
		};
/* End PBXVariantGroup section */

/* Begin XCBuildConfiguration section */
		31EA47C8219A039F00FD8A31 /* Debug */ = {
			isa = XCBuildConfiguration;
			buildSettings = {
				ALWAYS_SEARCH_USER_PATHS = NO;
				CLANG_ANALYZER_NONNULL = YES;
				CLANG_ANALYZER_NUMBER_OBJECT_CONVERSION = YES_AGGRESSIVE;
				CLANG_CXX_LANGUAGE_STANDARD = "gnu++14";
				CLANG_CXX_LIBRARY = "libc++";
				CLANG_ENABLE_MODULES = YES;
				CLANG_ENABLE_OBJC_ARC = YES;
				CLANG_ENABLE_OBJC_WEAK = YES;
				CLANG_WARN_BLOCK_CAPTURE_AUTORELEASING = YES;
				CLANG_WARN_BOOL_CONVERSION = YES;
				CLANG_WARN_COMMA = YES;
				CLANG_WARN_CONSTANT_CONVERSION = YES;
				CLANG_WARN_DEPRECATED_OBJC_IMPLEMENTATIONS = YES;
				CLANG_WARN_DIRECT_OBJC_ISA_USAGE = YES_ERROR;
				CLANG_WARN_DOCUMENTATION_COMMENTS = YES;
				CLANG_WARN_EMPTY_BODY = YES;
				CLANG_WARN_ENUM_CONVERSION = YES;
				CLANG_WARN_INFINITE_RECURSION = YES;
				CLANG_WARN_INT_CONVERSION = YES;
				CLANG_WARN_NON_LITERAL_NULL_CONVERSION = YES;
				CLANG_WARN_OBJC_IMPLICIT_RETAIN_SELF = YES;
				CLANG_WARN_OBJC_LITERAL_CONVERSION = YES;
				CLANG_WARN_OBJC_ROOT_CLASS = YES_ERROR;
				CLANG_WARN_RANGE_LOOP_ANALYSIS = YES;
				CLANG_WARN_STRICT_PROTOTYPES = YES;
				CLANG_WARN_SUSPICIOUS_MOVE = YES;
				CLANG_WARN_UNGUARDED_AVAILABILITY = YES_AGGRESSIVE;
				CLANG_WARN_UNREACHABLE_CODE = YES;
				CLANG_WARN__DUPLICATE_METHOD_MATCH = YES;
				CODE_SIGN_IDENTITY = "iPhone Developer";
				COPY_PHASE_STRIP = NO;
				DEBUG_INFORMATION_FORMAT = dwarf;
				ENABLE_STRICT_OBJC_MSGSEND = YES;
				ENABLE_TESTABILITY = YES;
				GCC_C_LANGUAGE_STANDARD = gnu11;
				GCC_DYNAMIC_NO_PIC = NO;
				GCC_NO_COMMON_BLOCKS = YES;
				GCC_OPTIMIZATION_LEVEL = 0;
				GCC_PREPROCESSOR_DEFINITIONS = (
					"DEBUG=1",
					"$(inherited)",
				);
				GCC_WARN_64_TO_32_BIT_CONVERSION = YES;
				GCC_WARN_ABOUT_RETURN_TYPE = YES_ERROR;
				GCC_WARN_UNDECLARED_SELECTOR = YES;
				GCC_WARN_UNINITIALIZED_AUTOS = YES_AGGRESSIVE;
				GCC_WARN_UNUSED_FUNCTION = YES;
				GCC_WARN_UNUSED_VARIABLE = YES;
				IPHONEOS_DEPLOYMENT_TARGET = 12.0;
				MTL_ENABLE_DEBUG_INFO = INCLUDE_SOURCE;
				MTL_FAST_MATH = YES;
				ONLY_ACTIVE_ARCH = YES;
				SDKROOT = iphoneos;
				SWIFT_ACTIVE_COMPILATION_CONDITIONS = DEBUG;
				SWIFT_OPTIMIZATION_LEVEL = "-Onone";
			};
			name = Debug;
		};
		31EA47C9219A039F00FD8A31 /* Release */ = {
			isa = XCBuildConfiguration;
			buildSettings = {
				ALWAYS_SEARCH_USER_PATHS = NO;
				CLANG_ANALYZER_NONNULL = YES;
				CLANG_ANALYZER_NUMBER_OBJECT_CONVERSION = YES_AGGRESSIVE;
				CLANG_CXX_LANGUAGE_STANDARD = "gnu++14";
				CLANG_CXX_LIBRARY = "libc++";
				CLANG_ENABLE_MODULES = YES;
				CLANG_ENABLE_OBJC_ARC = YES;
				CLANG_ENABLE_OBJC_WEAK = YES;
				CLANG_WARN_BLOCK_CAPTURE_AUTORELEASING = YES;
				CLANG_WARN_BOOL_CONVERSION = YES;
				CLANG_WARN_COMMA = YES;
				CLANG_WARN_CONSTANT_CONVERSION = YES;
				CLANG_WARN_DEPRECATED_OBJC_IMPLEMENTATIONS = YES;
				CLANG_WARN_DIRECT_OBJC_ISA_USAGE = YES_ERROR;
				CLANG_WARN_DOCUMENTATION_COMMENTS = YES;
				CLANG_WARN_EMPTY_BODY = YES;
				CLANG_WARN_ENUM_CONVERSION = YES;
				CLANG_WARN_INFINITE_RECURSION = YES;
				CLANG_WARN_INT_CONVERSION = YES;
				CLANG_WARN_NON_LITERAL_NULL_CONVERSION = YES;
				CLANG_WARN_OBJC_IMPLICIT_RETAIN_SELF = YES;
				CLANG_WARN_OBJC_LITERAL_CONVERSION = YES;
				CLANG_WARN_OBJC_ROOT_CLASS = YES_ERROR;
				CLANG_WARN_RANGE_LOOP_ANALYSIS = YES;
				CLANG_WARN_STRICT_PROTOTYPES = YES;
				CLANG_WARN_SUSPICIOUS_MOVE = YES;
				CLANG_WARN_UNGUARDED_AVAILABILITY = YES_AGGRESSIVE;
				CLANG_WARN_UNREACHABLE_CODE = YES;
				CLANG_WARN__DUPLICATE_METHOD_MATCH = YES;
				CODE_SIGN_IDENTITY = "iPhone Developer";
				COPY_PHASE_STRIP = NO;
				DEBUG_INFORMATION_FORMAT = "dwarf-with-dsym";
				ENABLE_NS_ASSERTIONS = NO;
				ENABLE_STRICT_OBJC_MSGSEND = YES;
				GCC_C_LANGUAGE_STANDARD = gnu11;
				GCC_NO_COMMON_BLOCKS = YES;
				GCC_WARN_64_TO_32_BIT_CONVERSION = YES;
				GCC_WARN_ABOUT_RETURN_TYPE = YES_ERROR;
				GCC_WARN_UNDECLARED_SELECTOR = YES;
				GCC_WARN_UNINITIALIZED_AUTOS = YES_AGGRESSIVE;
				GCC_WARN_UNUSED_FUNCTION = YES;
				GCC_WARN_UNUSED_VARIABLE = YES;
				IPHONEOS_DEPLOYMENT_TARGET = 12.0;
				MTL_ENABLE_DEBUG_INFO = NO;
				MTL_FAST_MATH = YES;
				SDKROOT = iphoneos;
				SWIFT_COMPILATION_MODE = wholemodule;
				SWIFT_OPTIMIZATION_LEVEL = "-O";
				VALIDATE_PRODUCT = YES;
			};
			name = Release;
		};
		31EA47CB219A039F00FD8A31 /* Debug */ = {
			isa = XCBuildConfiguration;
			buildSettings = {
				ASSETCATALOG_COMPILER_APPICON_NAME = AppIcon;
				CODE_SIGN_STYLE = Automatic;
				DEVELOPMENT_TEAM = 2HR54FA3Z7;
				INFOPLIST_FILE = EventsApp/Info.plist;
				LD_RUNPATH_SEARCH_PATHS = (
					"$(inherited)",
					"@executable_path/Frameworks",
				);
				PRODUCT_BUNDLE_IDENTIFIER = com.gabrielconte.EventsApp;
				PRODUCT_NAME = "$(TARGET_NAME)";
				SWIFT_VERSION = 4.2;
				TARGETED_DEVICE_FAMILY = "1,2";
			};
			name = Debug;
		};
		31EA47CC219A039F00FD8A31 /* Release */ = {
			isa = XCBuildConfiguration;
			buildSettings = {
				ASSETCATALOG_COMPILER_APPICON_NAME = AppIcon;
				CODE_SIGN_STYLE = Automatic;
				DEVELOPMENT_TEAM = 2HR54FA3Z7;
				INFOPLIST_FILE = EventsApp/Info.plist;
				LD_RUNPATH_SEARCH_PATHS = (
					"$(inherited)",
					"@executable_path/Frameworks",
				);
				PRODUCT_BUNDLE_IDENTIFIER = com.gabrielconte.EventsApp;
				PRODUCT_NAME = "$(TARGET_NAME)";
				SWIFT_VERSION = 4.2;
				TARGETED_DEVICE_FAMILY = "1,2";
			};
			name = Release;
		};
		31EA47CE219A039F00FD8A31 /* Debug */ = {
			isa = XCBuildConfiguration;
			buildSettings = {
				ALWAYS_EMBED_SWIFT_STANDARD_LIBRARIES = YES;
				BUNDLE_LOADER = "$(TEST_HOST)";
				CODE_SIGN_STYLE = Automatic;
				DEVELOPMENT_TEAM = 2HR54FA3Z7;
				INFOPLIST_FILE = EventsAppTests/Info.plist;
				LD_RUNPATH_SEARCH_PATHS = (
					"$(inherited)",
					"@executable_path/Frameworks",
					"@loader_path/Frameworks",
				);
				PRODUCT_BUNDLE_IDENTIFIER = com.gabrielconte.EventsAppTests;
				PRODUCT_NAME = "$(TARGET_NAME)";
				SWIFT_VERSION = 4.2;
				TARGETED_DEVICE_FAMILY = "1,2";
				TEST_HOST = "$(BUILT_PRODUCTS_DIR)/EventsApp.app/EventsApp";
			};
			name = Debug;
		};
		31EA47CF219A039F00FD8A31 /* Release */ = {
			isa = XCBuildConfiguration;
			buildSettings = {
				ALWAYS_EMBED_SWIFT_STANDARD_LIBRARIES = YES;
				BUNDLE_LOADER = "$(TEST_HOST)";
				CODE_SIGN_STYLE = Automatic;
				DEVELOPMENT_TEAM = 2HR54FA3Z7;
				INFOPLIST_FILE = EventsAppTests/Info.plist;
				LD_RUNPATH_SEARCH_PATHS = (
					"$(inherited)",
					"@executable_path/Frameworks",
					"@loader_path/Frameworks",
				);
				PRODUCT_BUNDLE_IDENTIFIER = com.gabrielconte.EventsAppTests;
				PRODUCT_NAME = "$(TARGET_NAME)";
				SWIFT_VERSION = 4.2;
				TARGETED_DEVICE_FAMILY = "1,2";
				TEST_HOST = "$(BUILT_PRODUCTS_DIR)/EventsApp.app/EventsApp";
			};
			name = Release;
		};
/* End XCBuildConfiguration section */

/* Begin XCConfigurationList section */
		31EA47A8219A039C00FD8A31 /* Build configuration list for PBXProject "EventsApp" */ = {
			isa = XCConfigurationList;
			buildConfigurations = (
				31EA47C8219A039F00FD8A31 /* Debug */,
				31EA47C9219A039F00FD8A31 /* Release */,
			);
			defaultConfigurationIsVisible = 0;
			defaultConfigurationName = Release;
		};
		31EA47CA219A039F00FD8A31 /* Build configuration list for PBXNativeTarget "EventsApp" */ = {
			isa = XCConfigurationList;
			buildConfigurations = (
				31EA47CB219A039F00FD8A31 /* Debug */,
				31EA47CC219A039F00FD8A31 /* Release */,
			);
			defaultConfigurationIsVisible = 0;
			defaultConfigurationName = Release;
		};
		31EA47CD219A039F00FD8A31 /* Build configuration list for PBXNativeTarget "EventsAppTests" */ = {
			isa = XCConfigurationList;
			buildConfigurations = (
				31EA47CE219A039F00FD8A31 /* Debug */,
				31EA47CF219A039F00FD8A31 /* Release */,
			);
			defaultConfigurationIsVisible = 0;
			defaultConfigurationName = Release;
		};
/* End XCConfigurationList section */
	};
	rootObject = 31EA47A5219A039C00FD8A31 /* Project object */;
}
